
Microsoft Visual Studio Solution File, Format Version 12.00
# Visual Studio Version 17
VisualStudioVersion = 17.11.35222.181
MinimumVisualStudioVersion = 10.0.40219.1
Project("{FAE04EC0-301F-11D3-BF4B-00C04F79EFBC}") = "ProgramQuix", "ProgramQuix\ProgramQuix.csproj", "{CE6C42BB-3792-481A-9C43-260D0F9D2C5B}"
EndProject
Global
	GlobalSection(SolutionConfigurationPlatforms) = preSolution
		Debug|Any CPU = Debug|Any CPU
		Release|Any CPU = Release|Any CPU
	EndGlobalSection
	GlobalSection(ProjectConfigurationPlatforms) = postSolution
		{CE6C42BB-3792-481A-9C43-260D0F9D2C5B}.Debug|Any CPU.ActiveCfg = Debug|Any CPU
		{CE6C42BB-3792-481A-9C43-260D0F9D2C5B}.Debug|Any CPU.Build.0 = Debug|Any CPU
		{CE6C42BB-3792-481A-9C43-260D0F9D2C5B}.Release|Any CPU.ActiveCfg = Release|Any CPU
		{CE6C42BB-3792-481A-9C43-260D0F9D2C5B}.Release|Any CPU.Build.0 = Release|Any CPU
	EndGlobalSection
	GlobalSection(SolutionProperties) = preSolution
		HideSolutionNode = FALSE
	EndGlobalSection
	GlobalSection(ExtensibilityGlobals) = postSolution
		SolutionGuid = {6F189A1F-7A2F-456D-842B-2645B7E2C276}
	EndGlobalSection
EndGlobal
